
Microsoft Visual Studio Solution File, Format Version 12.00
# Visual Studio Version 17
VisualStudioVersion = 17.7.34031.279
MinimumVisualStudioVersion = 10.0.40219.1
Project("{FAE04EC0-301F-11D3-BF4B-00C04F79EFBC}") = "Ex", "Ex\Ex.csproj", "{C44144CD-18BF-4A86-8219-86A334AA6320}"
EndProject
Global
	GlobalSection(SolutionConfigurationPlatforms) = preSolution
		Debug|Any CPU = Debug|Any CPU
		Release|Any CPU = Release|Any CPU
	EndGlobalSection
	GlobalSection(ProjectConfigurationPlatforms) = postSolution
		{C44144CD-18BF-4A86-8219-86A334AA6320}.Debug|Any CPU.ActiveCfg = Debug|Any CPU
		{C44144CD-18BF-4A86-8219-86A334AA6320}.Debug|Any CPU.Build.0 = Debug|Any CPU
		{C44144CD-18BF-4A86-8219-86A334AA6320}.Release|Any CPU.ActiveCfg = Release|Any CPU
		{C44144CD-18BF-4A86-8219-86A334AA6320}.Release|Any CPU.Build.0 = Release|Any CPU
	EndGlobalSection
	GlobalSection(SolutionProperties) = preSolution
		HideSolutionNode = FALSE
	EndGlobalSection
	GlobalSection(ExtensibilityGlobals) = postSolution
		SolutionGuid = {5B1DE275-6255-4EB9-979D-229B07710118}
	EndGlobalSection
EndGlobal
